
Microsoft Visual Studio Solution File, Format Version 12.00
# Visual Studio 15
VisualStudioVersion = 15.0.27428.2037
MinimumVisualStudioVersion = 10.0.40219.1
Project("{FAE04EC0-301F-11D3-BF4B-00C04F79EFBC}") = "Task_1", "Task_1\Task_1.csproj", "{2D60DF4B-1A96-429E-BF2C-6F4B85B1E963}"
EndProject
Project("{FAE04EC0-301F-11D3-BF4B-00C04F79EFBC}") = "Task_2", "Task_2\Task_2.csproj", "{6F22140E-26B8-4146-AAC9-9D47E7E58FE4}"
EndProject
Project("{FAE04EC0-301F-11D3-BF4B-00C04F79EFBC}") = "Akhmerov_HomeWork(4Lesson)", "Akhmerov_HomeWork(4Lesson)\Akhmerov_HomeWork(4Lesson).csproj", "{01F84C10-D369-4AFF-9588-E36B4E3FA091}"
EndProject
Project("{FAE04EC0-301F-11D3-BF4B-00C04F79EFBC}") = "Task_4", "Task_4\Task_4.csproj", "{8DE6B208-D43A-4EC8-A969-EA424C385375}"
EndProject
Global
	GlobalSection(SolutionConfigurationPlatforms) = preSolution
		Debug|Any CPU = Debug|Any CPU
		Release|Any CPU = Release|Any CPU
	EndGlobalSection
	GlobalSection(ProjectConfigurationPlatforms) = postSolution
		{2D60DF4B-1A96-429E-BF2C-6F4B85B1E963}.Debug|Any CPU.ActiveCfg = Debug|Any CPU
		{2D60DF4B-1A96-429E-BF2C-6F4B85B1E963}.Debug|Any CPU.Build.0 = Debug|Any CPU
		{2D60DF4B-1A96-429E-BF2C-6F4B85B1E963}.Release|Any CPU.ActiveCfg = Release|Any CPU
		{2D60DF4B-1A96-429E-BF2C-6F4B85B1E963}.Release|Any CPU.Build.0 = Release|Any CPU
		{6F22140E-26B8-4146-AAC9-9D47E7E58FE4}.Debug|Any CPU.ActiveCfg = Debug|Any CPU
		{6F22140E-26B8-4146-AAC9-9D47E7E58FE4}.Debug|Any CPU.Build.0 = Debug|Any CPU
		{6F22140E-26B8-4146-AAC9-9D47E7E58FE4}.Release|Any CPU.ActiveCfg = Release|Any CPU
		{6F22140E-26B8-4146-AAC9-9D47E7E58FE4}.Release|Any CPU.Build.0 = Release|Any CPU
		{01F84C10-D369-4AFF-9588-E36B4E3FA091}.Debug|Any CPU.ActiveCfg = Debug|Any CPU
		{01F84C10-D369-4AFF-9588-E36B4E3FA091}.Debug|Any CPU.Build.0 = Debug|Any CPU
		{01F84C10-D369-4AFF-9588-E36B4E3FA091}.Release|Any CPU.ActiveCfg = Release|Any CPU
		{01F84C10-D369-4AFF-9588-E36B4E3FA091}.Release|Any CPU.Build.0 = Release|Any CPU
		{8DE6B208-D43A-4EC8-A969-EA424C385375}.Debug|Any CPU.ActiveCfg = Debug|Any CPU
		{8DE6B208-D43A-4EC8-A969-EA424C385375}.Debug|Any CPU.Build.0 = Debug|Any CPU
		{8DE6B208-D43A-4EC8-A969-EA424C385375}.Release|Any CPU.ActiveCfg = Release|Any CPU
		{8DE6B208-D43A-4EC8-A969-EA424C385375}.Release|Any CPU.Build.0 = Release|Any CPU
	EndGlobalSection
	GlobalSection(SolutionProperties) = preSolution
		HideSolutionNode = FALSE
	EndGlobalSection
	GlobalSection(ExtensibilityGlobals) = postSolution
		SolutionGuid = {FAFD75B8-BA73-4CE2-A1D5-B980B7C40E15}
	EndGlobalSection
EndGlobal
